
Microsoft Visual Studio Solution File, Format Version 12.00
# Visual Studio Version 17
VisualStudioVersion = 17.5.33530.505
MinimumVisualStudioVersion = 10.0.40219.1
Project("{FAE04EC0-301F-11D3-BF4B-00C04F79EFBC}") = "MeshCore", "MeshCore\MeshCore.csproj", "{5228D56D-95D1-4DFD-800E-1EB886D4DBE4}"
EndProject
Global
	GlobalSection(SolutionConfigurationPlatforms) = preSolution
		Debug|Any CPU = Debug|Any CPU
		Release|Any CPU = Release|Any CPU
	EndGlobalSection
	GlobalSection(ProjectConfigurationPlatforms) = postSolution
		{5228D56D-95D1-4DFD-800E-1EB886D4DBE4}.Debug|Any CPU.ActiveCfg = Debug|Any CPU
		{5228D56D-95D1-4DFD-800E-1EB886D4DBE4}.Debug|Any CPU.Build.0 = Debug|Any CPU
		{5228D56D-95D1-4DFD-800E-1EB886D4DBE4}.Release|Any CPU.ActiveCfg = Release|Any CPU
		{5228D56D-95D1-4DFD-800E-1EB886D4DBE4}.Release|Any CPU.Build.0 = Release|Any CPU
	EndGlobalSection
	GlobalSection(SolutionProperties) = preSolution
		HideSolutionNode = FALSE
	EndGlobalSection
	GlobalSection(ExtensibilityGlobals) = postSolution
		SolutionGuid = {76AB6048-68B6-462C-9D9E-E96067C6FAD3}
	EndGlobalSection
EndGlobal
